
Microsoft Visual Studio Solution File, Format Version 12.00
# Visual Studio Version 17
VisualStudioVersion = 17.0.31903.59
MinimumVisualStudioVersion = 10.0.40219.1
Project("{2150E333-8FDC-42A3-9474-1A3956D46DE8}") = "src", "src", "{99F133DE-6FCB-422A-854D-ED8662CD4B83}"
EndProject
Project("{FAE04EC0-301F-11D3-BF4B-00C04F79EFBC}") = "FitSync.Shared", "src\FitSync.Shared\FitSync.Shared.csproj", "{18BB9B23-CAB5-4333-8D7A-4FDF55A880D4}"
EndProject
Project("{FAE04EC0-301F-11D3-BF4B-00C04F79EFBC}") = "FitSync.Database", "src\FitSync.Database\FitSync.Database.csproj", "{1C108BC4-DBD7-46F0-A8A6-19CACACB8831}"
EndProject
Project("{FAE04EC0-301F-11D3-BF4B-00C04F79EFBC}") = "FitSync.AppHost", "src\FitSync.AppHost\FitSync.AppHost.csproj", "{409E9E37-71B7-4CB1-BAD9-DB23C9C82F31}"
EndProject
Project("{2150E333-8FDC-42A3-9474-1A3956D46DE8}") = "FitSync.Mock", "FitSync.Mock", "{C1D2E3F4-A5B6-7890-CDEF-012345678901}"
EndProject
Project("{FAE04EC0-301F-11D3-BF4B-00C04F79EFBC}") = "FitSync.Mock.Fetcher", "src\FitSync.Mock\Fetcher\FitSync.Mock.Fetcher.csproj", "{BD20FB5F-0550-478F-9CE0-117C2A7675B8}"
EndProject
Project("{FAE04EC0-301F-11D3-BF4B-00C04F79EFBC}") = "FitSync.Api", "src\FitSync.Api\FitSync.Api.csproj", "{628B77EA-D85B-4203-BAB3-FFF4EF9F050D}"
EndProject
Project("{FAE04EC0-301F-11D3-BF4B-00C04F79EFBC}") = "FitSync.Zwift.Fetcher", "src\FitSync.Zwift\Fetcher\FitSync.Zwift.Fetcher.csproj", "{252D0C6A-EB78-44F0-828C-F481170CEB01}"
EndProject
Project("{FAE04EC0-301F-11D3-BF4B-00C04F79EFBC}") = "FitSync.Garmin.Uploader", "src\FitSync.Garmin\Uploader\FitSync.Garmin.Uploader.csproj", "{AFA55877-CF6A-4668-A0CF-A67B6C88A0E7}"
EndProject
Project("{FAE04EC0-301F-11D3-BF4B-00C04F79EFBC}") = "FitSync.Wahoo.Shared", "src\FitSync.Wahoo\Shared\FitSync.Wahoo.Shared.csproj", "{A1B2C3D4-E5F6-7890-ABCD-EF1234567890}"
EndProject
Project("{FAE04EC0-301F-11D3-BF4B-00C04F79EFBC}") = "FitSync.Wahoo.Fetcher", "src\FitSync.Wahoo\Fetcher\FitSync.Wahoo.Fetcher.csproj", "{B2C3D4E5-F6A7-8901-BCDE-F12345678901}"
EndProject
Project("{2150E333-8FDC-42A3-9474-1A3956D46DE8}") = "FitSync.Garmin", "FitSync.Garmin", "{0A58ADDB-64FB-70F9-CEA4-21D5E61AA1C0}"
EndProject
Project("{2150E333-8FDC-42A3-9474-1A3956D46DE8}") = "Shared", "Shared", "{FEC5E1A9-53DC-99E1-E1DC-CE7979C28149}"
EndProject
Project("{FAE04EC0-301F-11D3-BF4B-00C04F79EFBC}") = "FitSync.Garmin.Shared", "src\FitSync.Garmin\Shared\FitSync.Garmin.Shared.csproj", "{D9042F7B-4FB3-4EDB-9E22-CE83D8C4DEB3}"
EndProject
Project("{2150E333-8FDC-42A3-9474-1A3956D46DE8}") = "FitSync.Zwift", "FitSync.Zwift", "{D3F36767-C15A-6872-10A2-0F7E5B207D8D}"
EndProject
Project("{2150E333-8FDC-42A3-9474-1A3956D46DE8}") = "Shared", "Shared", "{FA5DE57E-331C-8ED4-F610-1774BC4BBD86}"
EndProject
Project("{FAE04EC0-301F-11D3-BF4B-00C04F79EFBC}") = "FitSync.Zwift.Shared", "src\FitSync.Zwift\Shared\FitSync.Zwift.Shared.csproj", "{5D68536C-EBB9-4517-B968-E6DE6FDBD8CE}"
EndProject
Global
	GlobalSection(SolutionConfigurationPlatforms) = preSolution
		Debug|Any CPU = Debug|Any CPU
		Debug|x64 = Debug|x64
		Debug|x86 = Debug|x86
		Release|Any CPU = Release|Any CPU
		Release|x64 = Release|x64
		Release|x86 = Release|x86
	EndGlobalSection
	GlobalSection(ProjectConfigurationPlatforms) = postSolution
		{18BB9B23-CAB5-4333-8D7A-4FDF55A880D4}.Debug|Any CPU.ActiveCfg = Debug|Any CPU
		{18BB9B23-CAB5-4333-8D7A-4FDF55A880D4}.Debug|Any CPU.Build.0 = Debug|Any CPU
		{18BB9B23-CAB5-4333-8D7A-4FDF55A880D4}.Debug|x64.ActiveCfg = Debug|Any CPU
		{18BB9B23-CAB5-4333-8D7A-4FDF55A880D4}.Debug|x64.Build.0 = Debug|Any CPU
		{18BB9B23-CAB5-4333-8D7A-4FDF55A880D4}.Debug|x86.ActiveCfg = Debug|Any CPU
		{18BB9B23-CAB5-4333-8D7A-4FDF55A880D4}.Debug|x86.Build.0 = Debug|Any CPU
		{18BB9B23-CAB5-4333-8D7A-4FDF55A880D4}.Release|Any CPU.ActiveCfg = Release|Any CPU
		{18BB9B23-CAB5-4333-8D7A-4FDF55A880D4}.Release|Any CPU.Build.0 = Release|Any CPU
		{18BB9B23-CAB5-4333-8D7A-4FDF55A880D4}.Release|x64.ActiveCfg = Release|Any CPU
		{18BB9B23-CAB5-4333-8D7A-4FDF55A880D4}.Release|x64.Build.0 = Release|Any CPU
		{18BB9B23-CAB5-4333-8D7A-4FDF55A880D4}.Release|x86.ActiveCfg = Release|Any CPU
		{18BB9B23-CAB5-4333-8D7A-4FDF55A880D4}.Release|x86.Build.0 = Release|Any CPU
		{1C108BC4-DBD7-46F0-A8A6-19CACACB8831}.Debug|Any CPU.ActiveCfg = Debug|Any CPU
		{1C108BC4-DBD7-46F0-A8A6-19CACACB8831}.Debug|Any CPU.Build.0 = Debug|Any CPU
		{1C108BC4-DBD7-46F0-A8A6-19CACACB8831}.Debug|x64.ActiveCfg = Debug|Any CPU
		{1C108BC4-DBD7-46F0-A8A6-19CACACB8831}.Debug|x64.Build.0 = Debug|Any CPU
		{1C108BC4-DBD7-46F0-A8A6-19CACACB8831}.Debug|x86.ActiveCfg = Debug|Any CPU
		{1C108BC4-DBD7-46F0-A8A6-19CACACB8831}.Debug|x86.Build.0 = Debug|Any CPU
		{1C108BC4-DBD7-46F0-A8A6-19CACACB8831}.Release|Any CPU.ActiveCfg = Release|Any CPU
		{1C108BC4-DBD7-46F0-A8A6-19CACACB8831}.Release|Any CPU.Build.0 = Release|Any CPU
		{1C108BC4-DBD7-46F0-A8A6-19CACACB8831}.Release|x64.ActiveCfg = Release|Any CPU
		{1C108BC4-DBD7-46F0-A8A6-19CACACB8831}.Release|x64.Build.0 = Release|Any CPU
		{1C108BC4-DBD7-46F0-A8A6-19CACACB8831}.Release|x86.ActiveCfg = Release|Any CPU
		{1C108BC4-DBD7-46F0-A8A6-19CACACB8831}.Release|x86.Build.0 = Release|Any CPU
		{409E9E37-71B7-4CB1-BAD9-DB23C9C82F31}.Debug|Any CPU.ActiveCfg = Debug|Any CPU
		{409E9E37-71B7-4CB1-BAD9-DB23C9C82F31}.Debug|Any CPU.Build.0 = Debug|Any CPU
		{409E9E37-71B7-4CB1-BAD9-DB23C9C82F31}.Debug|x64.ActiveCfg = Debug|Any CPU
		{409E9E37-71B7-4CB1-BAD9-DB23C9C82F31}.Debug|x64.Build.0 = Debug|Any CPU
		{409E9E37-71B7-4CB1-BAD9-DB23C9C82F31}.Debug|x86.ActiveCfg = Debug|Any CPU
		{409E9E37-71B7-4CB1-BAD9-DB23C9C82F31}.Debug|x86.Build.0 = Debug|Any CPU
		{409E9E37-71B7-4CB1-BAD9-DB23C9C82F31}.Release|Any CPU.ActiveCfg = Release|Any CPU
		{409E9E37-71B7-4CB1-BAD9-DB23C9C82F31}.Release|Any CPU.Build.0 = Release|Any CPU
		{409E9E37-71B7-4CB1-BAD9-DB23C9C82F31}.Release|x64.ActiveCfg = Release|Any CPU
		{409E9E37-71B7-4CB1-BAD9-DB23C9C82F31}.Release|x64.Build.0 = Release|Any CPU
		{409E9E37-71B7-4CB1-BAD9-DB23C9C82F31}.Release|x86.ActiveCfg = Release|Any CPU
		{409E9E37-71B7-4CB1-BAD9-DB23C9C82F31}.Release|x86.Build.0 = Release|Any CPU
		{BD20FB5F-0550-478F-9CE0-117C2A7675B8}.Debug|Any CPU.ActiveCfg = Debug|Any CPU
		{BD20FB5F-0550-478F-9CE0-117C2A7675B8}.Debug|Any CPU.Build.0 = Debug|Any CPU
		{BD20FB5F-0550-478F-9CE0-117C2A7675B8}.Debug|x64.ActiveCfg = Debug|Any CPU
		{BD20FB5F-0550-478F-9CE0-117C2A7675B8}.Debug|x64.Build.0 = Debug|Any CPU
		{BD20FB5F-0550-478F-9CE0-117C2A7675B8}.Debug|x86.ActiveCfg = Debug|Any CPU
		{BD20FB5F-0550-478F-9CE0-117C2A7675B8}.Debug|x86.Build.0 = Debug|Any CPU
		{BD20FB5F-0550-478F-9CE0-117C2A7675B8}.Release|Any CPU.ActiveCfg = Release|Any CPU
		{BD20FB5F-0550-478F-9CE0-117C2A7675B8}.Release|Any CPU.Build.0 = Release|Any CPU
		{BD20FB5F-0550-478F-9CE0-117C2A7675B8}.Release|x64.ActiveCfg = Release|Any CPU
		{BD20FB5F-0550-478F-9CE0-117C2A7675B8}.Release|x64.Build.0 = Release|Any CPU
		{BD20FB5F-0550-478F-9CE0-117C2A7675B8}.Release|x86.ActiveCfg = Release|Any CPU
		{BD20FB5F-0550-478F-9CE0-117C2A7675B8}.Release|x86.Build.0 = Release|Any CPU
		{628B77EA-D85B-4203-BAB3-FFF4EF9F050D}.Debug|Any CPU.ActiveCfg = Debug|Any CPU
		{628B77EA-D85B-4203-BAB3-FFF4EF9F050D}.Debug|Any CPU.Build.0 = Debug|Any CPU
		{628B77EA-D85B-4203-BAB3-FFF4EF9F050D}.Debug|x64.ActiveCfg = Debug|Any CPU
		{628B77EA-D85B-4203-BAB3-FFF4EF9F050D}.Debug|x64.Build.0 = Debug|Any CPU
		{628B77EA-D85B-4203-BAB3-FFF4EF9F050D}.Debug|x86.ActiveCfg = Debug|Any CPU
		{628B77EA-D85B-4203-BAB3-FFF4EF9F050D}.Debug|x86.Build.0 = Debug|Any CPU
		{628B77EA-D85B-4203-BAB3-FFF4EF9F050D}.Release|Any CPU.ActiveCfg = Release|Any CPU
		{628B77EA-D85B-4203-BAB3-FFF4EF9F050D}.Release|Any CPU.Build.0 = Release|Any CPU
		{628B77EA-D85B-4203-BAB3-FFF4EF9F050D}.Release|x64.ActiveCfg = Release|Any CPU
		{628B77EA-D85B-4203-BAB3-FFF4EF9F050D}.Release|x64.Build.0 = Release|Any CPU
		{628B77EA-D85B-4203-BAB3-FFF4EF9F050D}.Release|x86.ActiveCfg = Release|Any CPU
		{628B77EA-D85B-4203-BAB3-FFF4EF9F050D}.Release|x86.Build.0 = Release|Any CPU
		{252D0C6A-EB78-44F0-828C-F481170CEB01}.Debug|Any CPU.ActiveCfg = Debug|Any CPU
		{252D0C6A-EB78-44F0-828C-F481170CEB01}.Debug|Any CPU.Build.0 = Debug|Any CPU
		{252D0C6A-EB78-44F0-828C-F481170CEB01}.Debug|x64.ActiveCfg = Debug|Any CPU
		{252D0C6A-EB78-44F0-828C-F481170CEB01}.Debug|x64.Build.0 = Debug|Any CPU
		{252D0C6A-EB78-44F0-828C-F481170CEB01}.Debug|x86.ActiveCfg = Debug|Any CPU
		{252D0C6A-EB78-44F0-828C-F481170CEB01}.Debug|x86.Build.0 = Debug|Any CPU
		{252D0C6A-EB78-44F0-828C-F481170CEB01}.Release|Any CPU.ActiveCfg = Release|Any CPU
		{252D0C6A-EB78-44F0-828C-F481170CEB01}.Release|Any CPU.Build.0 = Release|Any CPU
		{252D0C6A-EB78-44F0-828C-F481170CEB01}.Release|x64.ActiveCfg = Release|Any CPU
		{252D0C6A-EB78-44F0-828C-F481170CEB01}.Release|x64.Build.0 = Release|Any CPU
		{252D0C6A-EB78-44F0-828C-F481170CEB01}.Release|x86.ActiveCfg = Release|Any CPU
		{252D0C6A-EB78-44F0-828C-F481170CEB01}.Release|x86.Build.0 = Release|Any CPU
		{AFA55877-CF6A-4668-A0CF-A67B6C88A0E7}.Debug|Any CPU.ActiveCfg = Debug|Any CPU
		{AFA55877-CF6A-4668-A0CF-A67B6C88A0E7}.Debug|Any CPU.Build.0 = Debug|Any CPU
		{AFA55877-CF6A-4668-A0CF-A67B6C88A0E7}.Debug|x64.ActiveCfg = Debug|Any CPU
		{AFA55877-CF6A-4668-A0CF-A67B6C88A0E7}.Debug|x64.Build.0 = Debug|Any CPU
		{AFA55877-CF6A-4668-A0CF-A67B6C88A0E7}.Debug|x86.ActiveCfg = Debug|Any CPU
		{AFA55877-CF6A-4668-A0CF-A67B6C88A0E7}.Debug|x86.Build.0 = Debug|Any CPU
		{AFA55877-CF6A-4668-A0CF-A67B6C88A0E7}.Release|Any CPU.ActiveCfg = Release|Any CPU
		{AFA55877-CF6A-4668-A0CF-A67B6C88A0E7}.Release|Any CPU.Build.0 = Release|Any CPU
		{AFA55877-CF6A-4668-A0CF-A67B6C88A0E7}.Release|x64.ActiveCfg = Release|Any CPU
		{AFA55877-CF6A-4668-A0CF-A67B6C88A0E7}.Release|x64.Build.0 = Release|Any CPU
		{AFA55877-CF6A-4668-A0CF-A67B6C88A0E7}.Release|x86.ActiveCfg = Release|Any CPU
		{AFA55877-CF6A-4668-A0CF-A67B6C88A0E7}.Release|x86.Build.0 = Release|Any CPU
		{A1B2C3D4-E5F6-7890-ABCD-EF1234567890}.Debug|Any CPU.ActiveCfg = Debug|Any CPU
		{A1B2C3D4-E5F6-7890-ABCD-EF1234567890}.Debug|Any CPU.Build.0 = Debug|Any CPU
		{A1B2C3D4-E5F6-7890-ABCD-EF1234567890}.Debug|x64.ActiveCfg = Debug|Any CPU
		{A1B2C3D4-E5F6-7890-ABCD-EF1234567890}.Debug|x64.Build.0 = Debug|Any CPU
		{A1B2C3D4-E5F6-7890-ABCD-EF1234567890}.Debug|x86.ActiveCfg = Debug|Any CPU
		{A1B2C3D4-E5F6-7890-ABCD-EF1234567890}.Debug|x86.Build.0 = Debug|Any CPU
		{A1B2C3D4-E5F6-7890-ABCD-EF1234567890}.Release|Any CPU.ActiveCfg = Release|Any CPU
		{A1B2C3D4-E5F6-7890-ABCD-EF1234567890}.Release|Any CPU.Build.0 = Release|Any CPU
		{A1B2C3D4-E5F6-7890-ABCD-EF1234567890}.Release|x64.ActiveCfg = Release|Any CPU
		{A1B2C3D4-E5F6-7890-ABCD-EF1234567890}.Release|x64.Build.0 = Release|Any CPU
		{A1B2C3D4-E5F6-7890-ABCD-EF1234567890}.Release|x86.ActiveCfg = Release|Any CPU
		{A1B2C3D4-E5F6-7890-ABCD-EF1234567890}.Release|x86.Build.0 = Release|Any CPU
		{B2C3D4E5-F6A7-8901-BCDE-F12345678901}.Debug|Any CPU.ActiveCfg = Debug|Any CPU
		{B2C3D4E5-F6A7-8901-BCDE-F12345678901}.Debug|Any CPU.Build.0 = Debug|Any CPU
		{B2C3D4E5-F6A7-8901-BCDE-F12345678901}.Debug|x64.ActiveCfg = Debug|Any CPU
		{B2C3D4E5-F6A7-8901-BCDE-F12345678901}.Debug|x64.Build.0 = Debug|Any CPU
		{B2C3D4E5-F6A7-8901-BCDE-F12345678901}.Debug|x86.ActiveCfg = Debug|Any CPU
		{B2C3D4E5-F6A7-8901-BCDE-F12345678901}.Debug|x86.Build.0 = Debug|Any CPU
		{B2C3D4E5-F6A7-8901-BCDE-F12345678901}.Release|Any CPU.ActiveCfg = Release|Any CPU
		{B2C3D4E5-F6A7-8901-BCDE-F12345678901}.Release|Any CPU.Build.0 = Release|Any CPU
		{B2C3D4E5-F6A7-8901-BCDE-F12345678901}.Release|x64.ActiveCfg = Release|Any CPU
		{B2C3D4E5-F6A7-8901-BCDE-F12345678901}.Release|x64.Build.0 = Release|Any CPU
		{B2C3D4E5-F6A7-8901-BCDE-F12345678901}.Release|x86.ActiveCfg = Release|Any CPU
		{B2C3D4E5-F6A7-8901-BCDE-F12345678901}.Release|x86.Build.0 = Release|Any CPU
		{D9042F7B-4FB3-4EDB-9E22-CE83D8C4DEB3}.Debug|Any CPU.ActiveCfg = Debug|Any CPU
		{D9042F7B-4FB3-4EDB-9E22-CE83D8C4DEB3}.Debug|Any CPU.Build.0 = Debug|Any CPU
		{D9042F7B-4FB3-4EDB-9E22-CE83D8C4DEB3}.Debug|x64.ActiveCfg = Debug|Any CPU
		{D9042F7B-4FB3-4EDB-9E22-CE83D8C4DEB3}.Debug|x64.Build.0 = Debug|Any CPU
		{D9042F7B-4FB3-4EDB-9E22-CE83D8C4DEB3}.Debug|x86.ActiveCfg = Debug|Any CPU
		{D9042F7B-4FB3-4EDB-9E22-CE83D8C4DEB3}.Debug|x86.Build.0 = Debug|Any CPU
		{D9042F7B-4FB3-4EDB-9E22-CE83D8C4DEB3}.Release|Any CPU.ActiveCfg = Release|Any CPU
		{D9042F7B-4FB3-4EDB-9E22-CE83D8C4DEB3}.Release|Any CPU.Build.0 = Release|Any CPU
		{D9042F7B-4FB3-4EDB-9E22-CE83D8C4DEB3}.Release|x64.ActiveCfg = Release|Any CPU
		{D9042F7B-4FB3-4EDB-9E22-CE83D8C4DEB3}.Release|x64.Build.0 = Release|Any CPU
		{D9042F7B-4FB3-4EDB-9E22-CE83D8C4DEB3}.Release|x86.ActiveCfg = Release|Any CPU
		{D9042F7B-4FB3-4EDB-9E22-CE83D8C4DEB3}.Release|x86.Build.0 = Release|Any CPU
		{5D68536C-EBB9-4517-B968-E6DE6FDBD8CE}.Debug|Any CPU.ActiveCfg = Debug|Any CPU
		{5D68536C-EBB9-4517-B968-E6DE6FDBD8CE}.Debug|Any CPU.Build.0 = Debug|Any CPU
		{5D68536C-EBB9-4517-B968-E6DE6FDBD8CE}.Debug|x64.ActiveCfg = Debug|Any CPU
		{5D68536C-EBB9-4517-B968-E6DE6FDBD8CE}.Debug|x64.Build.0 = Debug|Any CPU
		{5D68536C-EBB9-4517-B968-E6DE6FDBD8CE}.Debug|x86.ActiveCfg = Debug|Any CPU
		{5D68536C-EBB9-4517-B968-E6DE6FDBD8CE}.Debug|x86.Build.0 = Debug|Any CPU
		{5D68536C-EBB9-4517-B968-E6DE6FDBD8CE}.Release|Any CPU.ActiveCfg = Release|Any CPU
		{5D68536C-EBB9-4517-B968-E6DE6FDBD8CE}.Release|Any CPU.Build.0 = Release|Any CPU
		{5D68536C-EBB9-4517-B968-E6DE6FDBD8CE}.Release|x64.ActiveCfg = Release|Any CPU
		{5D68536C-EBB9-4517-B968-E6DE6FDBD8CE}.Release|x64.Build.0 = Release|Any CPU
		{5D68536C-EBB9-4517-B968-E6DE6FDBD8CE}.Release|x86.ActiveCfg = Release|Any CPU
		{5D68536C-EBB9-4517-B968-E6DE6FDBD8CE}.Release|x86.Build.0 = Release|Any CPU
	EndGlobalSection
	GlobalSection(SolutionProperties) = preSolution
		HideSolutionNode = FALSE
	EndGlobalSection
	GlobalSection(NestedProjects) = preSolution
		{18BB9B23-CAB5-4333-8D7A-4FDF55A880D4} = {99F133DE-6FCB-422A-854D-ED8662CD4B83}
		{1C108BC4-DBD7-46F0-A8A6-19CACACB8831} = {99F133DE-6FCB-422A-854D-ED8662CD4B83}
		{409E9E37-71B7-4CB1-BAD9-DB23C9C82F31} = {99F133DE-6FCB-422A-854D-ED8662CD4B83}
		{C1D2E3F4-A5B6-7890-CDEF-012345678901} = {99F133DE-6FCB-422A-854D-ED8662CD4B83}
		{BD20FB5F-0550-478F-9CE0-117C2A7675B8} = {C1D2E3F4-A5B6-7890-CDEF-012345678901}
		{628B77EA-D85B-4203-BAB3-FFF4EF9F050D} = {99F133DE-6FCB-422A-854D-ED8662CD4B83}
		{252D0C6A-EB78-44F0-828C-F481170CEB01} = {99F133DE-6FCB-422A-854D-ED8662CD4B83}
		{AFA55877-CF6A-4668-A0CF-A67B6C88A0E7} = {99F133DE-6FCB-422A-854D-ED8662CD4B83}
		{A1B2C3D4-E5F6-7890-ABCD-EF1234567890} = {99F133DE-6FCB-422A-854D-ED8662CD4B83}
		{B2C3D4E5-F6A7-8901-BCDE-F12345678901} = {99F133DE-6FCB-422A-854D-ED8662CD4B83}
		{0A58ADDB-64FB-70F9-CEA4-21D5E61AA1C0} = {99F133DE-6FCB-422A-854D-ED8662CD4B83}
		{FEC5E1A9-53DC-99E1-E1DC-CE7979C28149} = {0A58ADDB-64FB-70F9-CEA4-21D5E61AA1C0}
		{D9042F7B-4FB3-4EDB-9E22-CE83D8C4DEB3} = {FEC5E1A9-53DC-99E1-E1DC-CE7979C28149}
		{D3F36767-C15A-6872-10A2-0F7E5B207D8D} = {99F133DE-6FCB-422A-854D-ED8662CD4B83}
		{FA5DE57E-331C-8ED4-F610-1774BC4BBD86} = {D3F36767-C15A-6872-10A2-0F7E5B207D8D}
		{5D68536C-EBB9-4517-B968-E6DE6FDBD8CE} = {FA5DE57E-331C-8ED4-F610-1774BC4BBD86}
	EndGlobalSection
EndGlobal
