
Microsoft Visual Studio Solution File, Format Version 12.00
# Visual Studio Version 17
VisualStudioVersion = 17.0.31903.59
MinimumVisualStudioVersion = 10.0.40219.1
Project("{2150E333-8FDC-42A3-9474-1A3956D46DE8}") = "api", "api", "{F0284E72-9BD8-54C3-A04E-C081DB62BD74}"
EndProject
Project("{2150E333-8FDC-42A3-9474-1A3956D46DE8}") = "apphost", "apphost", "{0C12C204-ABA7-5BB3-8E3F-577CE0B4CD53}"
EndProject
Project("{2150E333-8FDC-42A3-9474-1A3956D46DE8}") = "database", "database", "{6A1C276F-693A-5BD9-B545-5E7DB77A3FDA}"
EndProject
Project("{2150E333-8FDC-42A3-9474-1A3956D46DE8}") = "mock", "mock", "{E0851710-E1F3-5F1F-B681-8EB71D00785E}"
EndProject
Project("{2150E333-8FDC-42A3-9474-1A3956D46DE8}") = "providers", "providers", "{C09CB438-3CD1-53E2-9415-C24C3CD6DEA4}"
EndProject
Project("{2150E333-8FDC-42A3-9474-1A3956D46DE8}") = "wahoo", "wahoo", "{E00A77A5-6A1B-5DD7-A9CC-0FEAED82A93A}"
EndProject
Project("{2150E333-8FDC-42A3-9474-1A3956D46DE8}") = "garmin", "garmin", "{03E5AC1F-790D-5E80-96E2-E59356F843F2}"
EndProject
Project("{2150E333-8FDC-42A3-9474-1A3956D46DE8}") = "zwift", "zwift", "{96E25F4E-1794-5645-9625-612103F9230F}"
EndProject
Project("{2150E333-8FDC-42A3-9474-1A3956D46DE8}") = "shared", "shared", "{90674A9F-C0B5-5812-A440-B0EB9E5F06B2}"
EndProject
Project("{2150E333-8FDC-42A3-9474-1A3956D46DE8}") = "source-generators", "source-generators", "{537C7EAA-B6D4-5D2B-966C-E6EE56AC9E7D}"
EndProject
Project("{FAE04EC0-301F-11D3-BF4B-00C04F79EFBC}") = "FitSync.Shared", "shared\FitSync.Shared\FitSync.Shared.csproj", "{18BB9B23-CAB5-4333-8D7A-4FDF55A880D4}"
EndProject
Project("{FAE04EC0-301F-11D3-BF4B-00C04F79EFBC}") = "FitSync.Database", "database\FitSync.Database\FitSync.Database.csproj", "{1C108BC4-DBD7-46F0-A8A6-19CACACB8831}"
EndProject
Project("{FAE04EC0-301F-11D3-BF4B-00C04F79EFBC}") = "FitSync.Api", "api\FitSync.Api\FitSync.Api.csproj", "{628B77EA-D85B-4203-BAB3-FFF4EF9F050D}"
EndProject
Project("{FAE04EC0-301F-11D3-BF4B-00C04F79EFBC}") = "FitSync.AppHost", "apphost\FitSync.AppHost\FitSync.AppHost.csproj", "{409E9E37-71B7-4CB1-BAD9-DB23C9C82F31}"
EndProject
Project("{FAE04EC0-301F-11D3-BF4B-00C04F79EFBC}") = "FitSync.SourceGenerators", "source-generators\FitSync.SourceGenerators\FitSync.SourceGenerators.csproj", "{38A2F3A0-CE4E-4CF0-93EC-2FB8E02A0CAA}"
EndProject
Project("{FAE04EC0-301F-11D3-BF4B-00C04F79EFBC}") = "FitSync.Mock.Fetcher", "mock\FitSync.Mock.Fetcher\FitSync.Mock.Fetcher.csproj", "{BD20FB5F-0550-478F-9CE0-117C2A7675B8}"
EndProject
Project("{FAE04EC0-301F-11D3-BF4B-00C04F79EFBC}") = "FitSync.Wahoo", "providers\wahoo\FitSync.Wahoo\FitSync.Wahoo.csproj", "{B2C3D4E5-F6A7-8901-BCDE-F12345678901}"
EndProject
Project("{FAE04EC0-301F-11D3-BF4B-00C04F79EFBC}") = "FitSync.Wahoo.Shared", "providers\wahoo\FitSync.Wahoo.Shared\FitSync.Wahoo.Shared.csproj", "{A1B2C3D4-E5F6-7890-ABCD-EF1234567890}"
EndProject
Project("{FAE04EC0-301F-11D3-BF4B-00C04F79EFBC}") = "FitSync.Garmin", "providers\garmin\FitSync.Garmin\FitSync.Garmin.csproj", "{AFA55877-CF6A-4668-A0CF-A67B6C88A0E7}"
EndProject
Project("{FAE04EC0-301F-11D3-BF4B-00C04F79EFBC}") = "FitSync.Garmin.Shared", "providers\garmin\FitSync.Garmin.Shared\FitSync.Garmin.Shared.csproj", "{D9042F7B-4FB3-4EDB-9E22-CE83D8C4DEB3}"
EndProject
Project("{FAE04EC0-301F-11D3-BF4B-00C04F79EFBC}") = "FitSync.Zwift", "providers\zwift\FitSync.Zwift\FitSync.Zwift.csproj", "{252D0C6A-EB78-44F0-828C-F481170CEB01}"
EndProject
Project("{FAE04EC0-301F-11D3-BF4B-00C04F79EFBC}") = "FitSync.Zwift.Shared", "providers\zwift\FitSync.Zwift.Shared\FitSync.Zwift.Shared.csproj", "{5D68536C-EBB9-4517-B968-E6DE6FDBD8CE}"
EndProject
Global
	GlobalSection(SolutionConfigurationPlatforms) = preSolution
		Debug|Any CPU = Debug|Any CPU
		Debug|x64 = Debug|x64
		Debug|x86 = Debug|x86
		Release|Any CPU = Release|Any CPU
		Release|x64 = Release|x64
		Release|x86 = Release|x86
	EndGlobalSection
	GlobalSection(ProjectConfigurationPlatforms) = postSolution
		{18BB9B23-CAB5-4333-8D7A-4FDF55A880D4}.Debug|Any CPU.ActiveCfg = Debug|Any CPU
		{18BB9B23-CAB5-4333-8D7A-4FDF55A880D4}.Debug|Any CPU.Build.0 = Debug|Any CPU
		{18BB9B23-CAB5-4333-8D7A-4FDF55A880D4}.Debug|x64.ActiveCfg = Debug|Any CPU
		{18BB9B23-CAB5-4333-8D7A-4FDF55A880D4}.Debug|x64.Build.0 = Debug|Any CPU
		{18BB9B23-CAB5-4333-8D7A-4FDF55A880D4}.Debug|x86.ActiveCfg = Debug|Any CPU
		{18BB9B23-CAB5-4333-8D7A-4FDF55A880D4}.Debug|x86.Build.0 = Debug|Any CPU
		{18BB9B23-CAB5-4333-8D7A-4FDF55A880D4}.Release|Any CPU.ActiveCfg = Release|Any CPU
		{18BB9B23-CAB5-4333-8D7A-4FDF55A880D4}.Release|Any CPU.Build.0 = Release|Any CPU
		{18BB9B23-CAB5-4333-8D7A-4FDF55A880D4}.Release|x64.ActiveCfg = Release|Any CPU
		{18BB9B23-CAB5-4333-8D7A-4FDF55A880D4}.Release|x64.Build.0 = Release|Any CPU
		{18BB9B23-CAB5-4333-8D7A-4FDF55A880D4}.Release|x86.ActiveCfg = Release|Any CPU
		{18BB9B23-CAB5-4333-8D7A-4FDF55A880D4}.Release|x86.Build.0 = Release|Any CPU
		{1C108BC4-DBD7-46F0-A8A6-19CACACB8831}.Debug|Any CPU.ActiveCfg = Debug|Any CPU
		{1C108BC4-DBD7-46F0-A8A6-19CACACB8831}.Debug|Any CPU.Build.0 = Debug|Any CPU
		{1C108BC4-DBD7-46F0-A8A6-19CACACB8831}.Debug|x64.ActiveCfg = Debug|Any CPU
		{1C108BC4-DBD7-46F0-A8A6-19CACACB8831}.Debug|x64.Build.0 = Debug|Any CPU
		{1C108BC4-DBD7-46F0-A8A6-19CACACB8831}.Debug|x86.ActiveCfg = Debug|Any CPU
		{1C108BC4-DBD7-46F0-A8A6-19CACACB8831}.Debug|x86.Build.0 = Debug|Any CPU
		{1C108BC4-DBD7-46F0-A8A6-19CACACB8831}.Release|Any CPU.ActiveCfg = Release|Any CPU
		{1C108BC4-DBD7-46F0-A8A6-19CACACB8831}.Release|Any CPU.Build.0 = Release|Any CPU
		{1C108BC4-DBD7-46F0-A8A6-19CACACB8831}.Release|x64.ActiveCfg = Release|Any CPU
		{1C108BC4-DBD7-46F0-A8A6-19CACACB8831}.Release|x64.Build.0 = Release|Any CPU
		{1C108BC4-DBD7-46F0-A8A6-19CACACB8831}.Release|x86.ActiveCfg = Release|Any CPU
		{1C108BC4-DBD7-46F0-A8A6-19CACACB8831}.Release|x86.Build.0 = Release|Any CPU
		{628B77EA-D85B-4203-BAB3-FFF4EF9F050D}.Debug|Any CPU.ActiveCfg = Debug|Any CPU
		{628B77EA-D85B-4203-BAB3-FFF4EF9F050D}.Debug|Any CPU.Build.0 = Debug|Any CPU
		{628B77EA-D85B-4203-BAB3-FFF4EF9F050D}.Debug|x64.ActiveCfg = Debug|Any CPU
		{628B77EA-D85B-4203-BAB3-FFF4EF9F050D}.Debug|x64.Build.0 = Debug|Any CPU
		{628B77EA-D85B-4203-BAB3-FFF4EF9F050D}.Debug|x86.ActiveCfg = Debug|Any CPU
		{628B77EA-D85B-4203-BAB3-FFF4EF9F050D}.Debug|x86.Build.0 = Debug|Any CPU
		{628B77EA-D85B-4203-BAB3-FFF4EF9F050D}.Release|Any CPU.ActiveCfg = Release|Any CPU
		{628B77EA-D85B-4203-BAB3-FFF4EF9F050D}.Release|Any CPU.Build.0 = Release|Any CPU
		{628B77EA-D85B-4203-BAB3-FFF4EF9F050D}.Release|x64.ActiveCfg = Release|Any CPU
		{628B77EA-D85B-4203-BAB3-FFF4EF9F050D}.Release|x64.Build.0 = Release|Any CPU
		{628B77EA-D85B-4203-BAB3-FFF4EF9F050D}.Release|x86.ActiveCfg = Release|Any CPU
		{628B77EA-D85B-4203-BAB3-FFF4EF9F050D}.Release|x86.Build.0 = Release|Any CPU
		{409E9E37-71B7-4CB1-BAD9-DB23C9C82F31}.Debug|Any CPU.ActiveCfg = Debug|Any CPU
		{409E9E37-71B7-4CB1-BAD9-DB23C9C82F31}.Debug|Any CPU.Build.0 = Debug|Any CPU
		{409E9E37-71B7-4CB1-BAD9-DB23C9C82F31}.Debug|x64.ActiveCfg = Debug|Any CPU
		{409E9E37-71B7-4CB1-BAD9-DB23C9C82F31}.Debug|x64.Build.0 = Debug|Any CPU
		{409E9E37-71B7-4CB1-BAD9-DB23C9C82F31}.Debug|x86.ActiveCfg = Debug|Any CPU
		{409E9E37-71B7-4CB1-BAD9-DB23C9C82F31}.Debug|x86.Build.0 = Debug|Any CPU
		{409E9E37-71B7-4CB1-BAD9-DB23C9C82F31}.Release|Any CPU.ActiveCfg = Release|Any CPU
		{409E9E37-71B7-4CB1-BAD9-DB23C9C82F31}.Release|Any CPU.Build.0 = Release|Any CPU
		{409E9E37-71B7-4CB1-BAD9-DB23C9C82F31}.Release|x64.ActiveCfg = Release|Any CPU
		{409E9E37-71B7-4CB1-BAD9-DB23C9C82F31}.Release|x64.Build.0 = Release|Any CPU
		{409E9E37-71B7-4CB1-BAD9-DB23C9C82F31}.Release|x86.ActiveCfg = Release|Any CPU
		{409E9E37-71B7-4CB1-BAD9-DB23C9C82F31}.Release|x86.Build.0 = Release|Any CPU
		{38A2F3A0-CE4E-4CF0-93EC-2FB8E02A0CAA}.Debug|Any CPU.ActiveCfg = Debug|Any CPU
		{38A2F3A0-CE4E-4CF0-93EC-2FB8E02A0CAA}.Debug|Any CPU.Build.0 = Debug|Any CPU
		{38A2F3A0-CE4E-4CF0-93EC-2FB8E02A0CAA}.Debug|x64.ActiveCfg = Debug|Any CPU
		{38A2F3A0-CE4E-4CF0-93EC-2FB8E02A0CAA}.Debug|x64.Build.0 = Debug|Any CPU
		{38A2F3A0-CE4E-4CF0-93EC-2FB8E02A0CAA}.Debug|x86.ActiveCfg = Debug|Any CPU
		{38A2F3A0-CE4E-4CF0-93EC-2FB8E02A0CAA}.Debug|x86.Build.0 = Debug|Any CPU
		{38A2F3A0-CE4E-4CF0-93EC-2FB8E02A0CAA}.Release|Any CPU.ActiveCfg = Release|Any CPU
		{38A2F3A0-CE4E-4CF0-93EC-2FB8E02A0CAA}.Release|Any CPU.Build.0 = Release|Any CPU
		{38A2F3A0-CE4E-4CF0-93EC-2FB8E02A0CAA}.Release|x64.ActiveCfg = Release|Any CPU
		{38A2F3A0-CE4E-4CF0-93EC-2FB8E02A0CAA}.Release|x64.Build.0 = Release|Any CPU
		{38A2F3A0-CE4E-4CF0-93EC-2FB8E02A0CAA}.Release|x86.ActiveCfg = Release|Any CPU
		{38A2F3A0-CE4E-4CF0-93EC-2FB8E02A0CAA}.Release|x86.Build.0 = Release|Any CPU
		{BD20FB5F-0550-478F-9CE0-117C2A7675B8}.Debug|Any CPU.ActiveCfg = Debug|Any CPU
		{BD20FB5F-0550-478F-9CE0-117C2A7675B8}.Debug|Any CPU.Build.0 = Debug|Any CPU
		{BD20FB5F-0550-478F-9CE0-117C2A7675B8}.Debug|x64.ActiveCfg = Debug|Any CPU
		{BD20FB5F-0550-478F-9CE0-117C2A7675B8}.Debug|x64.Build.0 = Debug|Any CPU
		{BD20FB5F-0550-478F-9CE0-117C2A7675B8}.Debug|x86.ActiveCfg = Debug|Any CPU
		{BD20FB5F-0550-478F-9CE0-117C2A7675B8}.Debug|x86.Build.0 = Debug|Any CPU
		{BD20FB5F-0550-478F-9CE0-117C2A7675B8}.Release|Any CPU.ActiveCfg = Release|Any CPU
		{BD20FB5F-0550-478F-9CE0-117C2A7675B8}.Release|Any CPU.Build.0 = Release|Any CPU
		{BD20FB5F-0550-478F-9CE0-117C2A7675B8}.Release|x64.ActiveCfg = Release|Any CPU
		{BD20FB5F-0550-478F-9CE0-117C2A7675B8}.Release|x64.Build.0 = Release|Any CPU
		{BD20FB5F-0550-478F-9CE0-117C2A7675B8}.Release|x86.ActiveCfg = Release|Any CPU
		{BD20FB5F-0550-478F-9CE0-117C2A7675B8}.Release|x86.Build.0 = Release|Any CPU
		{B2C3D4E5-F6A7-8901-BCDE-F12345678901}.Debug|Any CPU.ActiveCfg = Debug|Any CPU
		{B2C3D4E5-F6A7-8901-BCDE-F12345678901}.Debug|Any CPU.Build.0 = Debug|Any CPU
		{B2C3D4E5-F6A7-8901-BCDE-F12345678901}.Debug|x64.ActiveCfg = Debug|Any CPU
		{B2C3D4E5-F6A7-8901-BCDE-F12345678901}.Debug|x64.Build.0 = Debug|Any CPU
		{B2C3D4E5-F6A7-8901-BCDE-F12345678901}.Debug|x86.ActiveCfg = Debug|Any CPU
		{B2C3D4E5-F6A7-8901-BCDE-F12345678901}.Debug|x86.Build.0 = Debug|Any CPU
		{B2C3D4E5-F6A7-8901-BCDE-F12345678901}.Release|Any CPU.ActiveCfg = Release|Any CPU
		{B2C3D4E5-F6A7-8901-BCDE-F12345678901}.Release|Any CPU.Build.0 = Release|Any CPU
		{B2C3D4E5-F6A7-8901-BCDE-F12345678901}.Release|x64.ActiveCfg = Release|Any CPU
		{B2C3D4E5-F6A7-8901-BCDE-F12345678901}.Release|x64.Build.0 = Release|Any CPU
		{B2C3D4E5-F6A7-8901-BCDE-F12345678901}.Release|x86.ActiveCfg = Release|Any CPU
		{B2C3D4E5-F6A7-8901-BCDE-F12345678901}.Release|x86.Build.0 = Release|Any CPU
		{A1B2C3D4-E5F6-7890-ABCD-EF1234567890}.Debug|Any CPU.ActiveCfg = Debug|Any CPU
		{A1B2C3D4-E5F6-7890-ABCD-EF1234567890}.Debug|Any CPU.Build.0 = Debug|Any CPU
		{A1B2C3D4-E5F6-7890-ABCD-EF1234567890}.Debug|x64.ActiveCfg = Debug|Any CPU
		{A1B2C3D4-E5F6-7890-ABCD-EF1234567890}.Debug|x64.Build.0 = Debug|Any CPU
		{A1B2C3D4-E5F6-7890-ABCD-EF1234567890}.Debug|x86.ActiveCfg = Debug|Any CPU
		{A1B2C3D4-E5F6-7890-ABCD-EF1234567890}.Debug|x86.Build.0 = Debug|Any CPU
		{A1B2C3D4-E5F6-7890-ABCD-EF1234567890}.Release|Any CPU.ActiveCfg = Release|Any CPU
		{A1B2C3D4-E5F6-7890-ABCD-EF1234567890}.Release|Any CPU.Build.0 = Release|Any CPU
		{A1B2C3D4-E5F6-7890-ABCD-EF1234567890}.Release|x64.ActiveCfg = Release|Any CPU
		{A1B2C3D4-E5F6-7890-ABCD-EF1234567890}.Release|x64.Build.0 = Release|Any CPU
		{A1B2C3D4-E5F6-7890-ABCD-EF1234567890}.Release|x86.ActiveCfg = Release|Any CPU
		{A1B2C3D4-E5F6-7890-ABCD-EF1234567890}.Release|x86.Build.0 = Release|Any CPU
		{AFA55877-CF6A-4668-A0CF-A67B6C88A0E7}.Debug|Any CPU.ActiveCfg = Debug|Any CPU
		{AFA55877-CF6A-4668-A0CF-A67B6C88A0E7}.Debug|Any CPU.Build.0 = Debug|Any CPU
		{AFA55877-CF6A-4668-A0CF-A67B6C88A0E7}.Debug|x64.ActiveCfg = Debug|Any CPU
		{AFA55877-CF6A-4668-A0CF-A67B6C88A0E7}.Debug|x64.Build.0 = Debug|Any CPU
		{AFA55877-CF6A-4668-A0CF-A67B6C88A0E7}.Debug|x86.ActiveCfg = Debug|Any CPU
		{AFA55877-CF6A-4668-A0CF-A67B6C88A0E7}.Debug|x86.Build.0 = Debug|Any CPU
		{AFA55877-CF6A-4668-A0CF-A67B6C88A0E7}.Release|Any CPU.ActiveCfg = Release|Any CPU
		{AFA55877-CF6A-4668-A0CF-A67B6C88A0E7}.Release|Any CPU.Build.0 = Release|Any CPU
		{AFA55877-CF6A-4668-A0CF-A67B6C88A0E7}.Release|x64.ActiveCfg = Release|Any CPU
		{AFA55877-CF6A-4668-A0CF-A67B6C88A0E7}.Release|x64.Build.0 = Release|Any CPU
		{AFA55877-CF6A-4668-A0CF-A67B6C88A0E7}.Release|x86.ActiveCfg = Release|Any CPU
		{AFA55877-CF6A-4668-A0CF-A67B6C88A0E7}.Release|x86.Build.0 = Release|Any CPU
		{D9042F7B-4FB3-4EDB-9E22-CE83D8C4DEB3}.Debug|Any CPU.ActiveCfg = Debug|Any CPU
		{D9042F7B-4FB3-4EDB-9E22-CE83D8C4DEB3}.Debug|Any CPU.Build.0 = Debug|Any CPU
		{D9042F7B-4FB3-4EDB-9E22-CE83D8C4DEB3}.Debug|x64.ActiveCfg = Debug|Any CPU
		{D9042F7B-4FB3-4EDB-9E22-CE83D8C4DEB3}.Debug|x64.Build.0 = Debug|Any CPU
		{D9042F7B-4FB3-4EDB-9E22-CE83D8C4DEB3}.Debug|x86.ActiveCfg = Debug|Any CPU
		{D9042F7B-4FB3-4EDB-9E22-CE83D8C4DEB3}.Debug|x86.Build.0 = Debug|Any CPU
		{D9042F7B-4FB3-4EDB-9E22-CE83D8C4DEB3}.Release|Any CPU.ActiveCfg = Release|Any CPU
		{D9042F7B-4FB3-4EDB-9E22-CE83D8C4DEB3}.Release|Any CPU.Build.0 = Release|Any CPU
		{D9042F7B-4FB3-4EDB-9E22-CE83D8C4DEB3}.Release|x64.ActiveCfg = Release|Any CPU
		{D9042F7B-4FB3-4EDB-9E22-CE83D8C4DEB3}.Release|x64.Build.0 = Release|Any CPU
		{D9042F7B-4FB3-4EDB-9E22-CE83D8C4DEB3}.Release|x86.ActiveCfg = Release|Any CPU
		{D9042F7B-4FB3-4EDB-9E22-CE83D8C4DEB3}.Release|x86.Build.0 = Release|Any CPU
		{252D0C6A-EB78-44F0-828C-F481170CEB01}.Debug|Any CPU.ActiveCfg = Debug|Any CPU
		{252D0C6A-EB78-44F0-828C-F481170CEB01}.Debug|Any CPU.Build.0 = Debug|Any CPU
		{252D0C6A-EB78-44F0-828C-F481170CEB01}.Debug|x64.ActiveCfg = Debug|Any CPU
		{252D0C6A-EB78-44F0-828C-F481170CEB01}.Debug|x64.Build.0 = Debug|Any CPU
		{252D0C6A-EB78-44F0-828C-F481170CEB01}.Debug|x86.ActiveCfg = Debug|Any CPU
		{252D0C6A-EB78-44F0-828C-F481170CEB01}.Debug|x86.Build.0 = Debug|Any CPU
		{252D0C6A-EB78-44F0-828C-F481170CEB01}.Release|Any CPU.ActiveCfg = Release|Any CPU
		{252D0C6A-EB78-44F0-828C-F481170CEB01}.Release|Any CPU.Build.0 = Release|Any CPU
		{252D0C6A-EB78-44F0-828C-F481170CEB01}.Release|x64.ActiveCfg = Release|Any CPU
		{252D0C6A-EB78-44F0-828C-F481170CEB01}.Release|x64.Build.0 = Release|Any CPU
		{252D0C6A-EB78-44F0-828C-F481170CEB01}.Release|x86.ActiveCfg = Release|Any CPU
		{252D0C6A-EB78-44F0-828C-F481170CEB01}.Release|x86.Build.0 = Release|Any CPU
		{5D68536C-EBB9-4517-B968-E6DE6FDBD8CE}.Debug|Any CPU.ActiveCfg = Debug|Any CPU
		{5D68536C-EBB9-4517-B968-E6DE6FDBD8CE}.Debug|Any CPU.Build.0 = Debug|Any CPU
		{5D68536C-EBB9-4517-B968-E6DE6FDBD8CE}.Debug|x64.ActiveCfg = Debug|Any CPU
		{5D68536C-EBB9-4517-B968-E6DE6FDBD8CE}.Debug|x64.Build.0 = Debug|Any CPU
		{5D68536C-EBB9-4517-B968-E6DE6FDBD8CE}.Debug|x86.ActiveCfg = Debug|Any CPU
		{5D68536C-EBB9-4517-B968-E6DE6FDBD8CE}.Debug|x86.Build.0 = Debug|Any CPU
		{5D68536C-EBB9-4517-B968-E6DE6FDBD8CE}.Release|Any CPU.ActiveCfg = Release|Any CPU
		{5D68536C-EBB9-4517-B968-E6DE6FDBD8CE}.Release|Any CPU.Build.0 = Release|Any CPU
		{5D68536C-EBB9-4517-B968-E6DE6FDBD8CE}.Release|x64.ActiveCfg = Release|Any CPU
		{5D68536C-EBB9-4517-B968-E6DE6FDBD8CE}.Release|x64.Build.0 = Release|Any CPU
		{5D68536C-EBB9-4517-B968-E6DE6FDBD8CE}.Release|x86.ActiveCfg = Release|Any CPU
		{5D68536C-EBB9-4517-B968-E6DE6FDBD8CE}.Release|x86.Build.0 = Release|Any CPU
	EndGlobalSection
	GlobalSection(SolutionProperties) = preSolution
		HideSolutionNode = FALSE
	EndGlobalSection
	GlobalSection(NestedProjects) = preSolution
		{E00A77A5-6A1B-5DD7-A9CC-0FEAED82A93A} = {C09CB438-3CD1-53E2-9415-C24C3CD6DEA4}
		{03E5AC1F-790D-5E80-96E2-E59356F843F2} = {C09CB438-3CD1-53E2-9415-C24C3CD6DEA4}
		{96E25F4E-1794-5645-9625-612103F9230F} = {C09CB438-3CD1-53E2-9415-C24C3CD6DEA4}
		{18BB9B23-CAB5-4333-8D7A-4FDF55A880D4} = {90674A9F-C0B5-5812-A440-B0EB9E5F06B2}
		{1C108BC4-DBD7-46F0-A8A6-19CACACB8831} = {6A1C276F-693A-5BD9-B545-5E7DB77A3FDA}
		{628B77EA-D85B-4203-BAB3-FFF4EF9F050D} = {F0284E72-9BD8-54C3-A04E-C081DB62BD74}
		{409E9E37-71B7-4CB1-BAD9-DB23C9C82F31} = {0C12C204-ABA7-5BB3-8E3F-577CE0B4CD53}
		{38A2F3A0-CE4E-4CF0-93EC-2FB8E02A0CAA} = {537C7EAA-B6D4-5D2B-966C-E6EE56AC9E7D}
		{BD20FB5F-0550-478F-9CE0-117C2A7675B8} = {E0851710-E1F3-5F1F-B681-8EB71D00785E}
		{B2C3D4E5-F6A7-8901-BCDE-F12345678901} = {E00A77A5-6A1B-5DD7-A9CC-0FEAED82A93A}
		{A1B2C3D4-E5F6-7890-ABCD-EF1234567890} = {E00A77A5-6A1B-5DD7-A9CC-0FEAED82A93A}
		{AFA55877-CF6A-4668-A0CF-A67B6C88A0E7} = {03E5AC1F-790D-5E80-96E2-E59356F843F2}
		{D9042F7B-4FB3-4EDB-9E22-CE83D8C4DEB3} = {03E5AC1F-790D-5E80-96E2-E59356F843F2}
		{252D0C6A-EB78-44F0-828C-F481170CEB01} = {96E25F4E-1794-5645-9625-612103F9230F}
		{5D68536C-EBB9-4517-B968-E6DE6FDBD8CE} = {96E25F4E-1794-5645-9625-612103F9230F}
	EndGlobalSection
EndGlobal
